
Microsoft Visual Studio Solution File, Format Version 12.00
# Visual Studio Version 17
VisualStudioVersion = 17.1.32210.238
MinimumVisualStudioVersion = 10.0.40219.1
Project("{FAE04EC0-301F-11D3-BF4B-00C04F79EFBC}") = "SWE", "SWE\SWE.csproj", "{177B9738-1340-4CA1-9F58-52929DDF1A45}"
EndProject
Global
	GlobalSection(SolutionConfigurationPlatforms) = preSolution
		Debug|Any CPU = Debug|Any CPU
		Release|Any CPU = Release|Any CPU
	EndGlobalSection
	GlobalSection(ProjectConfigurationPlatforms) = postSolution
		{177B9738-1340-4CA1-9F58-52929DDF1A45}.Debug|Any CPU.ActiveCfg = Debug|Any CPU
		{177B9738-1340-4CA1-9F58-52929DDF1A45}.Debug|Any CPU.Build.0 = Debug|Any CPU
		{177B9738-1340-4CA1-9F58-52929DDF1A45}.Release|Any CPU.ActiveCfg = Release|Any CPU
		{177B9738-1340-4CA1-9F58-52929DDF1A45}.Release|Any CPU.Build.0 = Release|Any CPU
	EndGlobalSection
	GlobalSection(SolutionProperties) = preSolution
		HideSolutionNode = FALSE
	EndGlobalSection
	GlobalSection(ExtensibilityGlobals) = postSolution
		SolutionGuid = {8401AC3D-27DC-4481-A1FD-DE9C31BCBCEC}
	EndGlobalSection
EndGlobal
